// !$*UTF8*$!
{
	archiveVersion = 1;
	classes = {
	};
	objectVersion = 46;
	objects = {
		102DC02A37197B3F87B5F58C = {
			isa = PBXBuildFile;
			fileRef = 419A4FAB76A249B795DC2C8B;
		};
		5350EDD29DD0E40194C44A55 = {
			isa = PBXBuildFile;
			fileRef = 4D6FE2634C5C9300E9909C4C;
		};
		B70AD083AAFCCC34F221BCE8 = {
			isa = PBXBuildFile;
			fileRef = 91F7B13BC4D742B69B4D5368;
		};
		C824791709D4E6114B05E729 = {
			isa = PBXBuildFile;
			fileRef = 23B1E1703C9D06B77FC1553A;
		};
		C196B8676184A0BBF2B260FC = {
			isa = PBXBuildFile;
			fileRef = F181EA3BC4DB30E1EEDCC305;
		};
		69A2FD63F2697C2921AB686D = {
			isa = PBXBuildFile;
			fileRef = 059A5BFC83AFC40A28CC9E11;
		};
		DA42CED2C8C3C415BADAC5C6 = {
			isa = PBXBuildFile;
			fileRef = 77478C42DFE3D1CBD25F6ECF;
		};
		46E98D9F0AA225637C81B259 = {
			isa = PBXBuildFile;
			fileRef = 744453CA7FBDDE148CF05418;
		};
		0D352814A66FCB1A4B3CE20B = {
			isa = PBXBuildFile;
			fileRef = D2CED80C0232E4314F5843C0;
		};
		B3E6266FDABBE80B4DAC54AC = {
			isa = PBXBuildFile;
			fileRef = 7B1648114818EA01395D0ADD;
		};
		DED0AC154F3E4F4E30B4D25D = {
			isa = PBXBuildFile;
			fileRef = 681963849BA01D6C10DB4991;
		};
		94768674C6AD67F98EC6A2B9 = {
			isa = PBXBuildFile;
			fileRef = FC67555E8115287C0F6B07CD;
		};
		53438998A2CAE4F0BE229A5F = {
			isa = PBXBuildFile;
			fileRef = 55FE09054FD92865AA9643AD;
		};
		1D247CEA3CE4068CB1BBEB9E = {
			isa = PBXBuildFile;
			fileRef = 045172304ED125F259E56D09;
		};
		8FF3DB56E15D5C986EFC754D = {
			isa = PBXBuildFile;
			fileRef = 6A73AD2F2A5215AF2F1FB2B1;
		};
		3FA0C96B35FB43D3ED144B90 = {
			isa = PBXBuildFile;
			fileRef = 970CC7B36932F1C9FEDF7C3E;
		};
		485386803A2DB93BA70BAE52 = {
			isa = PBXBuildFile;
			fileRef = D2450C24D9A9F20B20EF831A;
		};
		F5A178CABB04B0D57129239D = {
			isa = PBXBuildFile;
			fileRef = 840377AC1DF9AF1AEA22E44A;
		};
		B7E48D6FABE910704DB10A91 = {
			isa = PBXBuildFile;
			fileRef = C7B1F436D89F481960B87BFD;
		};
		E478A2D60AF749A49C0CF788 = {
			isa = PBXBuildFile;
			fileRef = FC859E4BDDB8E2C310FB1DB3;
		};
		1AF5A751E9024C6D206066C1 = {
			isa = PBXBuildFile;
			fileRef = 4CCAE3592D35C3755ED69068;
		};
		4619F7532C6C3357C46CCA34 = {
			isa = PBXBuildFile;
			fileRef = BF4ABF399A15FC9DF4D6A5B2;
		};
		861308A6407DCF3A5BB87058 = {
			isa = PBXBuildFile;
			fileRef = 355DDA10686DF0F5F2200DF5;
		};
		2F2DFBB89875A2B66578885F = {
			isa = PBXBuildFile;
			fileRef = A535C8AB314DF86B374F451B;
		};
		8DEE11D4C15742CF90309FBB = {
			isa = PBXBuildFile;
			fileRef = FA8A6B4EB7C7EDE1CF73AB9F;
		};
		415E34F52A4A4178516D563D = {
			isa = PBXBuildFile;
			fileRef = F8063F852343B2D61DD2F8B0;
		};
		806A48F682CCA2C3931C736D = {
			isa = PBXBuildFile;
			fileRef = DF1244C90E918ECC753F9ADB;
		};
		98A03A0CBF33499DC1B74076 = {
			isa = PBXBuildFile;
			fileRef = 103AD54AF5963B2C9EB1F23C;
		};
		191B14EB8E5322E60612D345 = {
			isa = PBXBuildFile;
			fileRef = 5DC8CB937612B83BAE311686;
		};
		E8D6E74EF470DD8A423AE66F = {
			isa = PBXBuildFile;
			fileRef = D1D2DD52ABD9D12BC6DC21F1;
		};
		F3C4AA789051CF90B43621E3 = {
			isa = PBXBuildFile;
			fileRef = E6AE1402B67518CE23436E13;
		};
		12E3E39FD89040ED40214EA4 = {
			isa = PBXBuildFile;
			fileRef = 05EA2A61BC801BEB2B3D3528;
		};
		045172304ED125F259E56D09 = {
			isa = PBXFileReference;
			lastKnownFileType = wrapper.framework;
			name = QuartzCore.framework;
			path = System/Library/Frameworks/QuartzCore.framework;
			sourceTree = SDKROOT;
		};
		059A5BFC83AFC40A28CC9E11 = {
			isa = PBXFileReference;
			lastKnownFileType = wrapper.framework;
			name = CoreAudioKit.framework;
			path = System/Library/Frameworks/CoreAudioKit.framework;
			sourceTree = SDKROOT;
		};
		05EA2A61BC801BEB2B3D3528 = {
			isa = PBXFileReference;
			lastKnownFileType = sourcecode.cpp.objcpp;
			name = "include_juce_opengl.mm";
			path = "../../JuceLibraryCode/include_juce_opengl.mm";
			sourceTree = "SOURCE_ROOT";
		};
		103AD54AF5963B2C9EB1F23C = {
			isa = PBXFileReference;
			lastKnownFileType = sourcecode.cpp.objcpp;
			name = "include_juce_events.mm";
			path = "../../JuceLibraryCode/include_juce_events.mm";
			sourceTree = "SOURCE_ROOT";
		};
		23B1E1703C9D06B77FC1553A = {
			isa = PBXFileReference;
			lastKnownFileType = wrapper.framework;
			name = AVFoundation.framework;
			path = System/Library/Frameworks/AVFoundation.framework;
			sourceTree = SDKROOT;
		};
		264CA6FBB8BD9EDDA98942A8 = {
			isa = PBXFileReference;
			lastKnownFileType = sourcecode.c.h;
			name = AppConfig.h;
			path = ../../JuceLibraryCode/AppConfig.h;
			sourceTree = "SOURCE_ROOT";
		};
		355DDA10686DF0F5F2200DF5 = {
			isa = PBXFileReference;
			lastKnownFileType = sourcecode.cpp.objcpp;
			name = "include_juce_audio_processors.mm";
			path = "../../JuceLibraryCode/include_juce_audio_processors.mm";
			sourceTree = "SOURCE_ROOT";
		};
		3C1319B7D2DF49D1C17DE0F9 = {
			isa = PBXFileReference;
			lastKnownFileType = file;
			name = "juce_gui_basics";
			path = "~/JUCE/modules/juce_gui_basics";
			sourceTree = "<absolute>";
		};
		419A4FAB76A249B795DC2C8B = {
			isa = PBXFileReference;
			explicitFileType = wrapper.application;
			includeInIndex = 0;
			path = NewProject.app;
			sourceTree = "BUILT_PRODUCTS_DIR";
		};
		4CCAE3592D35C3755ED69068 = {
			isa = PBXFileReference;
			lastKnownFileType = sourcecode.cpp.objcpp;
			name = "include_juce_audio_devices.mm";
			path = "../../JuceLibraryCode/include_juce_audio_devices.mm";
			sourceTree = "SOURCE_ROOT";
		};
		4D6FE2634C5C9300E9909C4C = {
			isa = PBXFileReference;
			lastKnownFileType = wrapper.framework;
			name = Accelerate.framework;
			path = System/Library/Frameworks/Accelerate.framework;
			sourceTree = SDKROOT;
		};
		51830CBDCF152D7A8261D7E9 = {
			isa = PBXFileReference;
			lastKnownFileType = sourcecode.c.h;
			name = MainComponent.h;
			path = ../../Source/MainComponent.h;
			sourceTree = "SOURCE_ROOT";
		};
		55FE09054FD92865AA9643AD = {
			isa = PBXFileReference;
			lastKnownFileType = wrapper.framework;
			name = OpenGLES.framework;
			path = System/Library/Frameworks/OpenGLES.framework;
			sourceTree = SDKROOT;
		};
		5DC8CB937612B83BAE311686 = {
			isa = PBXFileReference;
			lastKnownFileType = sourcecode.cpp.objcpp;
			name = "include_juce_graphics.mm";
			path = "../../JuceLibraryCode/include_juce_graphics.mm";
			sourceTree = "SOURCE_ROOT";
		};
		681963849BA01D6C10DB4991 = {
			isa = PBXFileReference;
			lastKnownFileType = wrapper.framework;
			name = Foundation.framework;
			path = System/Library/Frameworks/Foundation.framework;
			sourceTree = SDKROOT;
		};
		6A73AD2F2A5215AF2F1FB2B1 = {
			isa = PBXFileReference;
			lastKnownFileType = wrapper.framework;
			name = UIKit.framework;
			path = System/Library/Frameworks/UIKit.framework;
			sourceTree = SDKROOT;
		};
		733CB2C8D4FF719DF39FE7B9 = {
			isa = PBXFileReference;
			lastKnownFileType = file;
			name = "juce_events";
			path = "~/JUCE/modules/juce_events";
			sourceTree = "<absolute>";
		};
		744453CA7FBDDE148CF05418 = {
			isa = PBXFileReference;
			lastKnownFileType = wrapper.framework;
			name = CoreImage.framework;
			path = System/Library/Frameworks/CoreImage.framework;
			sourceTree = SDKROOT;
		};
		77478C42DFE3D1CBD25F6ECF = {
			isa = PBXFileReference;
			lastKnownFileType = wrapper.framework;
			name = CoreGraphics.framework;
			path = System/Library/Frameworks/CoreGraphics.framework;
			sourceTree = SDKROOT;
		};
		7B1648114818EA01395D0ADD = {
			isa = PBXFileReference;
			lastKnownFileType = wrapper.framework;
			name = CoreText.framework;
			path = System/Library/Frameworks/CoreText.framework;
			sourceTree = SDKROOT;
		};
		823324C4F42C909D4C752828 = {
			isa = PBXFileReference;
			lastKnownFileType = file;
			name = "juce_gui_extra";
			path = "~/JUCE/modules/juce_gui_extra";
			sourceTree = "<absolute>";
		};
		840377AC1DF9AF1AEA22E44A = {
			isa = PBXFileReference;
			lastKnownFileType = sourcecode.cpp.cpp;
			name = MainComponent.cpp;
			path = ../../Source/MainComponent.cpp;
			sourceTree = "SOURCE_ROOT";
		};
		91F7B13BC4D742B69B4D5368 = {
			isa = PBXFileReference;
			lastKnownFileType = wrapper.framework;
			name = AudioToolbox.framework;
			path = System/Library/Frameworks/AudioToolbox.framework;
			sourceTree = SDKROOT;
		};
		970CC7B36932F1C9FEDF7C3E = {
			isa = PBXFileReference;
			lastKnownFileType = folder.assetcatalog;
			name = Images.xcassets;
			path = NewProject/Images.xcassets;
			sourceTree = "SOURCE_ROOT";
		};
		994E9FB99228C32820D6E10B = {
			isa = PBXFileReference;
			lastKnownFileType = file;
			name = "juce_audio_basics";
			path = "~/JUCE/modules/juce_audio_basics";
			sourceTree = "<absolute>";
		};
		A39F1E3BE23010F86128BC2F = {
			isa = PBXFileReference;
			lastKnownFileType = sourcecode.c.h;
			name = JuceHeader.h;
			path = ../../JuceLibraryCode/JuceHeader.h;
			sourceTree = "SOURCE_ROOT";
		};
		A535C8AB314DF86B374F451B = {
			isa = PBXFileReference;
			lastKnownFileType = sourcecode.cpp.objcpp;
			name = "include_juce_audio_utils.mm";
			path = "../../JuceLibraryCode/include_juce_audio_utils.mm";
			sourceTree = "SOURCE_ROOT";
		};
		A9295FBF0114C1935F7D4E01 = {
			isa = PBXFileReference;
			lastKnownFileType = file;
			name = "juce_audio_devices";
			path = "~/JUCE/modules/juce_audio_devices";
			sourceTree = "<absolute>";
		};
		B15417C4BC541A5C048DCD71 = {
			isa = PBXFileReference;
			lastKnownFileType = file;
			name = "juce_core";
			path = "~/JUCE/modules/juce_core";
			sourceTree = "<absolute>";
		};
		B6828CEB241E8D63724072E9 = {
			isa = PBXFileReference;
			lastKnownFileType = file;
			name = "juce_audio_processors";
			path = "~/JUCE/modules/juce_audio_processors";
			sourceTree = "<absolute>";
		};
		BACA021D04F3DEC8D2205443 = {
			isa = PBXFileReference;
			lastKnownFileType = file;
			name = "juce_data_structures";
			path = "~/JUCE/modules/juce_data_structures";
			sourceTree = "<absolute>";
		};
		BF4ABF399A15FC9DF4D6A5B2 = {
			isa = PBXFileReference;
			lastKnownFileType = sourcecode.cpp.objcpp;
			name = "include_juce_audio_formats.mm";
			path = "../../JuceLibraryCode/include_juce_audio_formats.mm";
			sourceTree = "SOURCE_ROOT";
		};
		C491D0F1B816242E30FAD24D = {
			isa = PBXFileReference;
			lastKnownFileType = text.plist.xml;
			name = "Info-App.plist";
			path = "Info-App.plist";
			sourceTree = "SOURCE_ROOT";
		};
		C7B1F436D89F481960B87BFD = {
			isa = PBXFileReference;
			lastKnownFileType = sourcecode.cpp.cpp;
			name = Main.cpp;
			path = ../../Source/Main.cpp;
			sourceTree = "SOURCE_ROOT";
		};
		CB595EF5DF8E04B2462EDEBF = {
			isa = PBXFileReference;
			lastKnownFileType = file;
			name = "juce_audio_formats";
			path = "~/JUCE/modules/juce_audio_formats";
			sourceTree = "<absolute>";
		};
		D1D2DD52ABD9D12BC6DC21F1 = {
			isa = PBXFileReference;
			lastKnownFileType = sourcecode.cpp.objcpp;
			name = "include_juce_gui_basics.mm";
			path = "../../JuceLibraryCode/include_juce_gui_basics.mm";
			sourceTree = "SOURCE_ROOT";
		};
		D2450C24D9A9F20B20EF831A = {
			isa = PBXFileReference;
			lastKnownFileType = file.storyboard;
			name = LaunchScreen.storyboard;
			path = LaunchScreen.storyboard;
			sourceTree = "SOURCE_ROOT";
		};
		D2CED80C0232E4314F5843C0 = {
			isa = PBXFileReference;
			lastKnownFileType = wrapper.framework;
			name = CoreMIDI.framework;
			path = System/Library/Frameworks/CoreMIDI.framework;
			sourceTree = SDKROOT;
		};
		D722CDBAE383B1D271315653 = {
			isa = PBXFileReference;
			lastKnownFileType = file;
			name = "juce_cryptography";
			path = "~/JUCE/modules/juce_cryptography";
			sourceTree = "<absolute>";
		};
		DF1244C90E918ECC753F9ADB = {
			isa = PBXFileReference;
			lastKnownFileType = sourcecode.cpp.objcpp;
			name = "include_juce_data_structures.mm";
			path = "../../JuceLibraryCode/include_juce_data_structures.mm";
			sourceTree = "SOURCE_ROOT";
		};
		E6AE1402B67518CE23436E13 = {
			isa = PBXFileReference;
			lastKnownFileType = sourcecode.cpp.objcpp;
			name = "include_juce_gui_extra.mm";
			path = "../../JuceLibraryCode/include_juce_gui_extra.mm";
			sourceTree = "SOURCE_ROOT";
		};
		E99BBEA1E93B4E4C64F263A0 = {
			isa = PBXFileReference;
			lastKnownFileType = file;
			name = "juce_audio_utils";
			path = "~/JUCE/modules/juce_audio_utils";
			sourceTree = "<absolute>";
		};
		F0DDE597C0764D4FE154AA2F = {
			isa = PBXFileReference;
			lastKnownFileType = file;
			name = "juce_graphics";
			path = "~/JUCE/modules/juce_graphics";
			sourceTree = "<absolute>";
		};
		F181EA3BC4DB30E1EEDCC305 = {
			isa = PBXFileReference;
			lastKnownFileType = wrapper.framework;
			name = CoreAudio.framework;
			path = System/Library/Frameworks/CoreAudio.framework;
			sourceTree = SDKROOT;
		};
		F8063F852343B2D61DD2F8B0 = {
			isa = PBXFileReference;
			lastKnownFileType = sourcecode.cpp.objcpp;
			name = "include_juce_cryptography.mm";
			path = "../../JuceLibraryCode/include_juce_cryptography.mm";
			sourceTree = "SOURCE_ROOT";
		};
		FA8A6B4EB7C7EDE1CF73AB9F = {
			isa = PBXFileReference;
			lastKnownFileType = sourcecode.cpp.objcpp;
			name = "include_juce_core.mm";
			path = "../../JuceLibraryCode/include_juce_core.mm";
			sourceTree = "SOURCE_ROOT";
		};
		FC67555E8115287C0F6B07CD = {
			isa = PBXFileReference;
			lastKnownFileType = wrapper.framework;
			name = MobileCoreServices.framework;
			path = System/Library/Frameworks/MobileCoreServices.framework;
			sourceTree = SDKROOT;
		};
		FC859E4BDDB8E2C310FB1DB3 = {
			isa = PBXFileReference;
			lastKnownFileType = sourcecode.cpp.objcpp;
			name = "include_juce_audio_basics.mm";
			path = "../../JuceLibraryCode/include_juce_audio_basics.mm";
			sourceTree = "SOURCE_ROOT";
		};
		FF45649714A9C8A0D10C971A = {
			isa = PBXFileReference;
			lastKnownFileType = file;
			name = "juce_opengl";
			path = "~/JUCE/modules/juce_opengl";
			sourceTree = "<absolute>";
		};
		8E49313D7BFE9EDE40EE8BE2 = {
			isa = PBXGroup;
			children = (
				51830CBDCF152D7A8261D7E9,
				840377AC1DF9AF1AEA22E44A,
				C7B1F436D89F481960B87BFD,
			);
			name = Source;
			sourceTree = "<group>";
		};
		4A7598A4BD602E76F1E76888 = {
			isa = PBXGroup;
			children = (
				8E49313D7BFE9EDE40EE8BE2,
			);
			name = NewProject;
			sourceTree = "<group>";
		};
		0D0E33DBF8CA5C3A6D36F74E = {
			isa = PBXGroup;
			children = (
				994E9FB99228C32820D6E10B,
				A9295FBF0114C1935F7D4E01,
				CB595EF5DF8E04B2462EDEBF,
				B6828CEB241E8D63724072E9,
				E99BBEA1E93B4E4C64F263A0,
				B15417C4BC541A5C048DCD71,
				D722CDBAE383B1D271315653,
				BACA021D04F3DEC8D2205443,
				733CB2C8D4FF719DF39FE7B9,
				F0DDE597C0764D4FE154AA2F,
				3C1319B7D2DF49D1C17DE0F9,
				823324C4F42C909D4C752828,
				FF45649714A9C8A0D10C971A,
			);
			name = "JUCE Modules";
			sourceTree = "<group>";
		};
		C3724240E4B89902914556B2 = {
			isa = PBXGroup;
			children = (
				264CA6FBB8BD9EDDA98942A8,
				FC859E4BDDB8E2C310FB1DB3,
				4CCAE3592D35C3755ED69068,
				BF4ABF399A15FC9DF4D6A5B2,
				355DDA10686DF0F5F2200DF5,
				A535C8AB314DF86B374F451B,
				FA8A6B4EB7C7EDE1CF73AB9F,
				F8063F852343B2D61DD2F8B0,
				DF1244C90E918ECC753F9ADB,
				103AD54AF5963B2C9EB1F23C,
				5DC8CB937612B83BAE311686,
				D1D2DD52ABD9D12BC6DC21F1,
				E6AE1402B67518CE23436E13,
				05EA2A61BC801BEB2B3D3528,
				A39F1E3BE23010F86128BC2F,
			);
			name = "JUCE Library Code";
			sourceTree = "<group>";
		};
		B1235134F83626F53708071B = {
			isa = PBXGroup;
			children = (
				C491D0F1B816242E30FAD24D,
				970CC7B36932F1C9FEDF7C3E,
				D2450C24D9A9F20B20EF831A,
			);
			name = Resources;
			sourceTree = "<group>";
		};
		1091980DFF3865C140563E6B = {
			isa = PBXGroup;
			children = (
				4D6FE2634C5C9300E9909C4C,
				91F7B13BC4D742B69B4D5368,
				23B1E1703C9D06B77FC1553A,
				F181EA3BC4DB30E1EEDCC305,
				059A5BFC83AFC40A28CC9E11,
				77478C42DFE3D1CBD25F6ECF,
				744453CA7FBDDE148CF05418,
				D2CED80C0232E4314F5843C0,
				7B1648114818EA01395D0ADD,
				681963849BA01D6C10DB4991,
				FC67555E8115287C0F6B07CD,
				55FE09054FD92865AA9643AD,
				045172304ED125F259E56D09,
				6A73AD2F2A5215AF2F1FB2B1,
			);
			name = Frameworks;
			sourceTree = "<group>";
		};
		4167F14934007747E7303299 = {
			isa = PBXGroup;
			children = (
				419A4FAB76A249B795DC2C8B,
			);
			name = Products;
			sourceTree = "<group>";
		};
		8E69BA601730FEEE5B3E0FDC = {
			isa = PBXGroup;
			children = (
				4A7598A4BD602E76F1E76888,
				0D0E33DBF8CA5C3A6D36F74E,
				C3724240E4B89902914556B2,
				B1235134F83626F53708071B,
				1091980DFF3865C140563E6B,
				4167F14934007747E7303299,
			);
			name = Source;
			sourceTree = "<group>";
		};
		99D73968A479545D7F856494 = {
			isa = XCBuildConfiguration;
			buildSettings = {
				ASSETCATALOG_COMPILER_APPICON_NAME = AppIcon;
				ASSETCATALOG_COMPILER_LAUNCHIMAGE_NAME = LaunchImage;
				CLANG_CXX_LANGUAGE_STANDARD = "c++14";
				CLANG_CXX_LIBRARY = "libc++";
				CLANG_LINK_OBJC_RUNTIME = NO;
				COMBINE_HIDPI_IMAGES = YES;
				CONFIGURATION_BUILD_DIR = "$(PROJECT_DIR)/build/$(CONFIGURATION)";
				COPY_PHASE_STRIP = NO;
				GCC_DYNAMIC_NO_PIC = NO;
				GCC_OPTIMIZATION_LEVEL = 0;
				GCC_PREPROCESSOR_DEFINITIONS = (
					"_DEBUG=1",
					"DEBUG=1",
					"JUCER_XCODE_IPHONE_5BC26AE3=1",
					"JUCE_APP_VERSION=1.0.0",
					"JUCE_APP_VERSION_HEX=0x10000",
					"JucePlugin_Build_VST=0",
					"JucePlugin_Build_VST3=0",
					"JucePlugin_Build_AU=0",
					"JucePlugin_Build_AUv3=0",
					"JucePlugin_Build_RTAS=0",
					"JucePlugin_Build_AAX=0",
					"JucePlugin_Build_Standalone=0",
					"JucePlugin_Build_Unity=0",
				);
				GCC_VERSION = com.apple.compilers.llvm.clang.1_0;
				HEADER_SEARCH_PATHS = (
					"../../JuceLibraryCode",
					"$(HOME)/JUCE/modules",
					"$(inherited)",
				);
				INFOPLIST_FILE = Info-App.plist;
				INFOPLIST_PREPROCESS = NO;
				INSTALL_PATH = "$(HOME)/Applications";
				PRODUCT_BUNDLE_IDENTIFIER = com.yourcompany.NewProject;
				PRODUCT_NAME = "NewProject";
				USE_HEADERMAP = NO;
			};
			name = Debug;
		};
		3586DA61EAA50CFE7CF6CDE5 = {
			isa = XCBuildConfiguration;
			buildSettings = {
				ASSETCATALOG_COMPILER_APPICON_NAME = AppIcon;
				ASSETCATALOG_COMPILER_LAUNCHIMAGE_NAME = LaunchImage;
				CLANG_CXX_LANGUAGE_STANDARD = "c++14";
				CLANG_CXX_LIBRARY = "libc++";
				CLANG_LINK_OBJC_RUNTIME = NO;
				COMBINE_HIDPI_IMAGES = YES;
				CONFIGURATION_BUILD_DIR = "$(PROJECT_DIR)/build/$(CONFIGURATION)";
				DEAD_CODE_STRIPPING = YES;
				GCC_GENERATE_DEBUGGING_SYMBOLS = NO;
				GCC_OPTIMIZATION_LEVEL = 3;
				GCC_PREPROCESSOR_DEFINITIONS = (
					"_NDEBUG=1",
					"NDEBUG=1",
					"JUCER_XCODE_IPHONE_5BC26AE3=1",
					"JUCE_APP_VERSION=1.0.0",
					"JUCE_APP_VERSION_HEX=0x10000",
					"JucePlugin_Build_VST=0",
					"JucePlugin_Build_VST3=0",
					"JucePlugin_Build_AU=0",
					"JucePlugin_Build_AUv3=0",
					"JucePlugin_Build_RTAS=0",
					"JucePlugin_Build_AAX=0",
					"JucePlugin_Build_Standalone=0",
					"JucePlugin_Build_Unity=0",
				);
				GCC_SYMBOLS_PRIVATE_EXTERN = YES;
				GCC_VERSION = com.apple.compilers.llvm.clang.1_0;
				HEADER_SEARCH_PATHS = (
					"../../JuceLibraryCode",
					"$(HOME)/JUCE/modules",
					"$(inherited)",
				);
				INFOPLIST_FILE = Info-App.plist;
				INFOPLIST_PREPROCESS = NO;
				INSTALL_PATH = "$(HOME)/Applications";
				LLVM_LTO = YES;
				PRODUCT_BUNDLE_IDENTIFIER = com.yourcompany.NewProject;
				PRODUCT_NAME = "NewProject";
				USE_HEADERMAP = NO;
			};
			name = Release;
		};
		C91A94FDD10B996B2FBAB6C7 = {
			isa = XCBuildConfiguration;
			buildSettings = {
				"CODE_SIGN_IDENTITY[sdk=iphoneos*]" = "iPhone Developer";
				ALWAYS_SEARCH_USER_PATHS = NO;
				CLANG_ENABLE_OBJC_WEAK = YES;
				CLANG_WARN_BLOCK_CAPTURE_AUTORELEASING = YES;
				CLANG_WARN_BOOL_CONVERSION = YES;
				CLANG_WARN_COMMA = YES;
				CLANG_WARN_CONSTANT_CONVERSION = YES;
				CLANG_WARN_DEPRECATED_OBJC_IMPLEMENTATIONS = YES;
				CLANG_WARN_EMPTY_BODY = YES;
				CLANG_WARN_ENUM_CONVERSION = YES;
				CLANG_WARN_INFINITE_RECURSION = YES;
				CLANG_WARN_INT_CONVERSION = YES;
				CLANG_WARN_NON_LITERAL_NULL_CONVERSION = YES;
				CLANG_WARN_OBJC_IMPLICIT_RETAIN_SELF = YES;
				CLANG_WARN_OBJC_LITERAL_CONVERSION = YES;
				CLANG_WARN_RANGE_LOOP_ANALYSIS = YES;
				CLANG_WARN_STRICT_PROTOTYPES = YES;
				CLANG_WARN_SUSPICIOUS_MOVE = YES;
				CLANG_WARN_UNREACHABLE_CODE = YES;
				CLANG_WARN__DUPLICATE_METHOD_MATCH = YES;
				DEBUG_INFORMATION_FORMAT = dwarf;
				ENABLE_STRICT_OBJC_MSGSEND = YES;
				ENABLE_TESTABILITY = YES;
				GCC_C_LANGUAGE_STANDARD = c11;
				GCC_INLINES_ARE_PRIVATE_EXTERN = YES;
				GCC_MODEL_TUNING = G5;
				GCC_NO_COMMON_BLOCKS = YES;
				GCC_WARN_64_TO_32_BIT_CONVERSION = YES;
				GCC_WARN_ABOUT_RETURN_TYPE = YES;
				GCC_WARN_CHECK_SWITCH_STATEMENTS = YES;
				GCC_WARN_MISSING_PARENTHESES = YES;
				GCC_WARN_NON_VIRTUAL_DESTRUCTOR = YES;
				GCC_WARN_TYPECHECK_CALLS_TO_PRINTF = YES;
				GCC_WARN_UNDECLARED_SELECTOR = YES;
				GCC_WARN_UNINITIALIZED_AUTOS = YES;
				GCC_WARN_UNUSED_FUNCTION = YES;
				GCC_WARN_UNUSED_VARIABLE = YES;
				IPHONEOS_DEPLOYMENT_TARGET = 9.3;
				ONLY_ACTIVE_ARCH = YES;
				PRODUCT_NAME = "NewProject";
				SDKROOT = iphoneos;
				TARGETED_DEVICE_FAMILY = "1,2";
				WARNING_CFLAGS = "-Wreorder";
				ZERO_LINK = NO;
			};
			name = Debug;
		};
		CE26AD5B38F2E6DFE4833EFF = {
			isa = XCBuildConfiguration;
			buildSettings = {
				"CODE_SIGN_IDENTITY[sdk=iphoneos*]" = "iPhone Developer";
				ALWAYS_SEARCH_USER_PATHS = NO;
				CLANG_ENABLE_OBJC_WEAK = YES;
				CLANG_WARN_BLOCK_CAPTURE_AUTORELEASING = YES;
				CLANG_WARN_BOOL_CONVERSION = YES;
				CLANG_WARN_COMMA = YES;
				CLANG_WARN_CONSTANT_CONVERSION = YES;
				CLANG_WARN_DEPRECATED_OBJC_IMPLEMENTATIONS = YES;
				CLANG_WARN_EMPTY_BODY = YES;
				CLANG_WARN_ENUM_CONVERSION = YES;
				CLANG_WARN_INFINITE_RECURSION = YES;
				CLANG_WARN_INT_CONVERSION = YES;
				CLANG_WARN_NON_LITERAL_NULL_CONVERSION = YES;
				CLANG_WARN_OBJC_IMPLICIT_RETAIN_SELF = YES;
				CLANG_WARN_OBJC_LITERAL_CONVERSION = YES;
				CLANG_WARN_RANGE_LOOP_ANALYSIS = YES;
				CLANG_WARN_STRICT_PROTOTYPES = YES;
				CLANG_WARN_SUSPICIOUS_MOVE = YES;
				CLANG_WARN_UNREACHABLE_CODE = YES;
				CLANG_WARN__DUPLICATE_METHOD_MATCH = YES;
				DEBUG_INFORMATION_FORMAT = dwarf;
				ENABLE_STRICT_OBJC_MSGSEND = YES;
				GCC_C_LANGUAGE_STANDARD = c11;
				GCC_INLINES_ARE_PRIVATE_EXTERN = YES;
				GCC_MODEL_TUNING = G5;
				GCC_NO_COMMON_BLOCKS = YES;
				GCC_WARN_64_TO_32_BIT_CONVERSION = YES;
				GCC_WARN_ABOUT_RETURN_TYPE = YES;
				GCC_WARN_CHECK_SWITCH_STATEMENTS = YES;
				GCC_WARN_MISSING_PARENTHESES = YES;
				GCC_WARN_NON_VIRTUAL_DESTRUCTOR = YES;
				GCC_WARN_TYPECHECK_CALLS_TO_PRINTF = YES;
				GCC_WARN_UNDECLARED_SELECTOR = YES;
				GCC_WARN_UNINITIALIZED_AUTOS = YES;
				GCC_WARN_UNUSED_FUNCTION = YES;
				GCC_WARN_UNUSED_VARIABLE = YES;
				IPHONEOS_DEPLOYMENT_TARGET = 9.3;
				PRODUCT_NAME = "NewProject";
				SDKROOT = iphoneos;
				TARGETED_DEVICE_FAMILY = "1,2";
				WARNING_CFLAGS = "-Wreorder";
				ZERO_LINK = NO;
			};
			name = Release;
		};
		CA4125262582973817DE7AD5 = {
			isa = PBXTargetDependency;
			target = 62E74CF8849949DDEBBD55D1;
		};
		3EA95E05F855482701C178B8 = {
			isa = XCConfigurationList;
			buildConfigurations = (
				C91A94FDD10B996B2FBAB6C7,
				CE26AD5B38F2E6DFE4833EFF,
			);
			defaultConfigurationIsVisible = 0;
			defaultConfigurationName = Debug;
		};
		C5337F545081E00A8AB1CDD8 = {
			isa = XCConfigurationList;
			buildConfigurations = (
				99D73968A479545D7F856494,
				3586DA61EAA50CFE7CF6CDE5,
			);
			defaultConfigurationIsVisible = 0;
			defaultConfigurationName = Debug;
		};
		8C3B393A7E2BE81A1FB9A257 = {
			isa = PBXResourcesBuildPhase;
			buildActionMask = 2147483647;
			files = (
				3FA0C96B35FB43D3ED144B90,
				485386803A2DB93BA70BAE52,
			);
			runOnlyForDeploymentPostprocessing = 0;
		};
		D4C1B2BCF57A351952A680D8 = {
			isa = PBXSourcesBuildPhase;
			buildActionMask = 2147483647;
			files = (
				F5A178CABB04B0D57129239D,
				B7E48D6FABE910704DB10A91,
				E478A2D60AF749A49C0CF788,
				1AF5A751E9024C6D206066C1,
				4619F7532C6C3357C46CCA34,
				861308A6407DCF3A5BB87058,
				2F2DFBB89875A2B66578885F,
				8DEE11D4C15742CF90309FBB,
				415E34F52A4A4178516D563D,
				806A48F682CCA2C3931C736D,
				98A03A0CBF33499DC1B74076,
				191B14EB8E5322E60612D345,
				E8D6E74EF470DD8A423AE66F,
				F3C4AA789051CF90B43621E3,
				12E3E39FD89040ED40214EA4,
			);
			runOnlyForDeploymentPostprocessing = 0;
		};
		9A38C164DF4B1719AC538B62 = {
			isa = PBXFrameworksBuildPhase;
			buildActionMask = 2147483647;
			files = (
				5350EDD29DD0E40194C44A55,
				B70AD083AAFCCC34F221BCE8,
				C824791709D4E6114B05E729,
				C196B8676184A0BBF2B260FC,
				69A2FD63F2697C2921AB686D,
				DA42CED2C8C3C415BADAC5C6,
				46E98D9F0AA225637C81B259,
				0D352814A66FCB1A4B3CE20B,
				B3E6266FDABBE80B4DAC54AC,
				DED0AC154F3E4F4E30B4D25D,
				94768674C6AD67F98EC6A2B9,
				53438998A2CAE4F0BE229A5F,
				1D247CEA3CE4068CB1BBEB9E,
				8FF3DB56E15D5C986EFC754D,
			);
			runOnlyForDeploymentPostprocessing = 0;
		};
		62E74CF8849949DDEBBD55D1 = {
			isa = PBXNativeTarget;
			buildConfigurationList = C5337F545081E00A8AB1CDD8;
			buildPhases = (
				8C3B393A7E2BE81A1FB9A257,
				D4C1B2BCF57A351952A680D8,
				9A38C164DF4B1719AC538B62,
			);
			buildRules = ( );
			dependencies = ( );
			name = "NewProject - App";
			productName = NewProject;
			productReference = 419A4FAB76A249B795DC2C8B;
			productType = "com.apple.product-type.application";
		};
		C52E87214CF80BC1D1684025 = {
			isa = PBXProject;
			buildConfigurationList = 3EA95E05F855482701C178B8;
			attributes = { LastUpgradeCheck = 1010; ORGANIZATIONNAME = ""; TargetAttributes = { 62E74CF8849949DDEBBD55D1 = { SystemCapabilities = {com.apple.ApplicationGroups.iOS = { enabled = 0; }; com.apple.InAppPurchase = { enabled = 0; }; com.apple.InterAppAudio = { enabled = 0; }; com.apple.Push = { enabled = 0; }; com.apple.Sandbox = { enabled = 0; }; com.apple.HardenedRuntime = { enabled = 0; }; }; }; }; };
			compatibilityVersion = "Xcode 3.2";
			hasScannedForEncodings = 0;
			mainGroup = 8E69BA601730FEEE5B3E0FDC;
			projectDirPath = "";
			projectRoot = "";
			targets = (62E74CF8849949DDEBBD55D1);
			knownRegions = (en, Base);
		};
	};
	rootObject = C52E87214CF80BC1D1684025;
}
